{
    "name": "sem21",
    "version": "0.0.1",
    "lockfileVersion": 2,
    "requires": true,
    "packages": {
        "": {
            "name": "sem21",
            "version": "0.0.1",
            "devDependencies": {
                "@lars-reimann/prettier-config": "^4.0.1"
            }
        },
        "node_modules/@lars-reimann/prettier-config": {
            "version": "4.0.1",
            "resolved": "https://registry.npmjs.org/@lars-reimann/prettier-config/-/prettier-config-4.0.1.tgz",
            "integrity": "sha512-mEmVgXTz6qv3NYNJUfv/P7BNiDQ7qkK/bNhdKPR6sWy1xBBvwKb6QJdML1e4e1DNjo3Es6IkX3EhAXph9pcASA==",
            "dev": true,
            "peerDependencies": {
                "prettier": ">= 2"
            }
        },
        "node_modules/prettier": {
            "version": "2.4.1",
            "resolved": "https://registry.npmjs.org/prettier/-/prettier-2.4.1.tgz",
            "integrity": "sha512-9fbDAXSBcc6Bs1mZrDYb3XKzDLm4EXXL9sC1LqKP5rZkT6KRr/rf9amVUcODVXgguK/isJz0d0hP72WeaKWsvA==",
            "dev": true,
            "peer": true,
            "bin": {
                "prettier": "bin-prettier.js"
            },
            "engines": {
                "node": ">=10.13.0"
            }
        }
    },
    "dependencies": {
        "@lars-reimann/prettier-config": {
            "version": "4.0.1",
            "resolved": "https://registry.npmjs.org/@lars-reimann/prettier-config/-/prettier-config-4.0.1.tgz",
            "integrity": "sha512-mEmVgXTz6qv3NYNJUfv/P7BNiDQ7qkK/bNhdKPR6sWy1xBBvwKb6QJdML1e4e1DNjo3Es6IkX3EhAXph9pcASA==",
            "dev": true,
            "requires": {}
        },
        "prettier": {
            "version": "2.4.1",
            "resolved": "https://registry.npmjs.org/prettier/-/prettier-2.4.1.tgz",
            "integrity": "sha512-9fbDAXSBcc6Bs1mZrDYb3XKzDLm4EXXL9sC1LqKP5rZkT6KRr/rf9amVUcODVXgguK/isJz0d0hP72WeaKWsvA==",
            "dev": true,
            "peer": true
        }
    }
}
